
Microsoft Visual Studio Solution File, Format Version 12.00
# Visual Studio Version 16
VisualStudioVersion = 16.0.30804.86
MinimumVisualStudioVersion = 10.0.40219.1
Project("{FAE04EC0-301F-11D3-BF4B-00C04F79EFBC}") = "VoidMethodStep228", "VoidMethodStep228\VoidMethodStep228.csproj", "{24F23062-1B57-49F8-B979-93EE81BA0DAD}"
EndProject
Global
	GlobalSection(SolutionConfigurationPlatforms) = preSolution
		Debug|Any CPU = Debug|Any CPU
		Release|Any CPU = Release|Any CPU
	EndGlobalSection
	GlobalSection(ProjectConfigurationPlatforms) = postSolution
		{24F23062-1B57-49F8-B979-93EE81BA0DAD}.Debug|Any CPU.ActiveCfg = Debug|Any CPU
		{24F23062-1B57-49F8-B979-93EE81BA0DAD}.Debug|Any CPU.Build.0 = Debug|Any CPU
		{24F23062-1B57-49F8-B979-93EE81BA0DAD}.Release|Any CPU.ActiveCfg = Release|Any CPU
		{24F23062-1B57-49F8-B979-93EE81BA0DAD}.Release|Any CPU.Build.0 = Release|Any CPU
	EndGlobalSection
	GlobalSection(SolutionProperties) = preSolution
		HideSolutionNode = FALSE
	EndGlobalSection
	GlobalSection(ExtensibilityGlobals) = postSolution
		SolutionGuid = {B1BB9FFD-64BA-4552-A558-04C3692389AA}
	EndGlobalSection
EndGlobal
